
Microsoft Visual Studio Solution File, Format Version 12.00
# Visual Studio Version 17
VisualStudioVersion = 17.12.35527.113 d17.12
MinimumVisualStudioVersion = 10.0.40219.1
Project("{FAE04EC0-301F-11D3-BF4B-00C04F79EFBC}") = "SocialApplication", "SocialApplication\SocialApplication.csproj", "{AE674410-32F3-4D3D-A0A8-B5075DD8CBAA}"
EndProject
Global
	GlobalSection(SolutionConfigurationPlatforms) = preSolution
		Debug|Any CPU = Debug|Any CPU
		Release|Any CPU = Release|Any CPU
	EndGlobalSection
	GlobalSection(ProjectConfigurationPlatforms) = postSolution
		{AE674410-32F3-4D3D-A0A8-B5075DD8CBAA}.Debug|Any CPU.ActiveCfg = Debug|Any CPU
		{AE674410-32F3-4D3D-A0A8-B5075DD8CBAA}.Debug|Any CPU.Build.0 = Debug|Any CPU
		{AE674410-32F3-4D3D-A0A8-B5075DD8CBAA}.Release|Any CPU.ActiveCfg = Release|Any CPU
		{AE674410-32F3-4D3D-A0A8-B5075DD8CBAA}.Release|Any CPU.Build.0 = Release|Any CPU
	EndGlobalSection
	GlobalSection(SolutionProperties) = preSolution
		HideSolutionNode = FALSE
	EndGlobalSection
EndGlobal
